
Microsoft Visual Studio Solution File, Format Version 9.00
# Visual Studio 2005
Project("{8BC9CEB8-8B4A-11D0-8D11-00A0C91BC942}") = "EnumSer", "EnumSer.vcproj", "{D8C71E7B-4A44-4C2A-9E1F-EF64D909AAEF}"
EndProject
Global
	GlobalSection(SourceCodeControl) = preSolution
		SccNumberOfProjects = 1
		SccProjectUniqueName0 = EnumSer.vcproj
		SccProjectName0 = \u0022$/My\u0020Code/EnumSer\u0022,\u0020FDCAAAAA
		SccLocalPath0 = .
		SccProvider0 = MSSCCI:Microsoft\u0020Visual\u0020SourceSafe
	EndGlobalSection
	GlobalSection(SolutionConfigurationPlatforms) = preSolution
		Debug|Win32 = Debug|Win32
		Release|Win32 = Release|Win32
		Unicode Debug|Win32 = Unicode Debug|Win32
		Unicode Release|Win32 = Unicode Release|Win32
	EndGlobalSection
	GlobalSection(ProjectConfigurationPlatforms) = postSolution
		{D8C71E7B-4A44-4C2A-9E1F-EF64D909AAEF}.Debug|Win32.ActiveCfg = Debug|Win32
		{D8C71E7B-4A44-4C2A-9E1F-EF64D909AAEF}.Debug|Win32.Build.0 = Debug|Win32
		{D8C71E7B-4A44-4C2A-9E1F-EF64D909AAEF}.Release|Win32.ActiveCfg = Release|Win32
		{D8C71E7B-4A44-4C2A-9E1F-EF64D909AAEF}.Release|Win32.Build.0 = Release|Win32
		{D8C71E7B-4A44-4C2A-9E1F-EF64D909AAEF}.Unicode Debug|Win32.ActiveCfg = Unicode Debug|Win32
		{D8C71E7B-4A44-4C2A-9E1F-EF64D909AAEF}.Unicode Debug|Win32.Build.0 = Unicode Debug|Win32
		{D8C71E7B-4A44-4C2A-9E1F-EF64D909AAEF}.Unicode Release|Win32.ActiveCfg = Unicode Release|Win32
		{D8C71E7B-4A44-4C2A-9E1F-EF64D909AAEF}.Unicode Release|Win32.Build.0 = Unicode Release|Win32
	EndGlobalSection
	GlobalSection(SolutionProperties) = preSolution
		HideSolutionNode = FALSE
	EndGlobalSection
EndGlobal
